
Microsoft Visual Studio Solution File, Format Version 12.00
# Visual Studio Version 17
VisualStudioVersion = 17.13.35913.81 d17.13
MinimumVisualStudioVersion = 10.0.40219.1
Project("{FAE04EC0-301F-11D3-BF4B-00C04F79EFBC}") = "Billy-Bob dress up", "Billy-Bob dress up\Billy-Bob dress up.csproj", "{E2EAC527-16F5-4A13-A8BD-A39A8072AD73}"
EndProject
Global
	GlobalSection(SolutionConfigurationPlatforms) = preSolution
		Debug|Any CPU = Debug|Any CPU
		Release|Any CPU = Release|Any CPU
	EndGlobalSection
	GlobalSection(ProjectConfigurationPlatforms) = postSolution
		{E2EAC527-16F5-4A13-A8BD-A39A8072AD73}.Debug|Any CPU.ActiveCfg = Debug|Any CPU
		{E2EAC527-16F5-4A13-A8BD-A39A8072AD73}.Debug|Any CPU.Build.0 = Debug|Any CPU
		{E2EAC527-16F5-4A13-A8BD-A39A8072AD73}.Release|Any CPU.ActiveCfg = Release|Any CPU
		{E2EAC527-16F5-4A13-A8BD-A39A8072AD73}.Release|Any CPU.Build.0 = Release|Any CPU
	EndGlobalSection
	GlobalSection(SolutionProperties) = preSolution
		HideSolutionNode = FALSE
	EndGlobalSection
	GlobalSection(ExtensibilityGlobals) = postSolution
		SolutionGuid = {740337AF-9E4E-4034-BF51-9F8DFF415744}
	EndGlobalSection
EndGlobal
